
Microsoft Visual Studio Solution File, Format Version 12.00
# Visual Studio Version 16
VisualStudioVersion = 16.0.29519.87
MinimumVisualStudioVersion = 10.0.40219.1
Project("{FAE04EC0-301F-11D3-BF4B-00C04F79EFBC}") = "PrintTest", "PrintTest\PrintTest.csproj", "{64989C46-A88A-4A1D-9ED8-227E9C72AA55}"
EndProject
Global
	GlobalSection(SolutionConfigurationPlatforms) = preSolution
		Debug|Any CPU = Debug|Any CPU
		Release|Any CPU = Release|Any CPU
	EndGlobalSection
	GlobalSection(ProjectConfigurationPlatforms) = postSolution
		{64989C46-A88A-4A1D-9ED8-227E9C72AA55}.Debug|Any CPU.ActiveCfg = Debug|Any CPU
		{64989C46-A88A-4A1D-9ED8-227E9C72AA55}.Debug|Any CPU.Build.0 = Debug|Any CPU
		{64989C46-A88A-4A1D-9ED8-227E9C72AA55}.Release|Any CPU.ActiveCfg = Release|Any CPU
		{64989C46-A88A-4A1D-9ED8-227E9C72AA55}.Release|Any CPU.Build.0 = Release|Any CPU
	EndGlobalSection
	GlobalSection(SolutionProperties) = preSolution
		HideSolutionNode = FALSE
	EndGlobalSection
	GlobalSection(ExtensibilityGlobals) = postSolution
		SolutionGuid = {08448AD8-EE82-4AE6-90E8-996352E43A1D}
	EndGlobalSection
EndGlobal
